
Microsoft Visual Studio Solution File, Format Version 12.00
# Visual Studio 15
VisualStudioVersion = 15.0.28307.705
MinimumVisualStudioVersion = 10.0.40219.1
Project("{FAE04EC0-301F-11D3-BF4B-00C04F79EFBC}") = "MessageReceiver", "MessageReceiver\MessageReceiver.csproj", "{16DF314D-84EF-47DA-B99D-FA528C1678F6}"
EndProject
Global
	GlobalSection(SolutionConfigurationPlatforms) = preSolution
		Debug|Any CPU = Debug|Any CPU
		Release|Any CPU = Release|Any CPU
	EndGlobalSection
	GlobalSection(ProjectConfigurationPlatforms) = postSolution
		{16DF314D-84EF-47DA-B99D-FA528C1678F6}.Debug|Any CPU.ActiveCfg = Debug|Any CPU
		{16DF314D-84EF-47DA-B99D-FA528C1678F6}.Debug|Any CPU.Build.0 = Debug|Any CPU
		{16DF314D-84EF-47DA-B99D-FA528C1678F6}.Release|Any CPU.ActiveCfg = Release|Any CPU
		{16DF314D-84EF-47DA-B99D-FA528C1678F6}.Release|Any CPU.Build.0 = Release|Any CPU
	EndGlobalSection
	GlobalSection(SolutionProperties) = preSolution
		HideSolutionNode = FALSE
	EndGlobalSection
	GlobalSection(ExtensibilityGlobals) = postSolution
		SolutionGuid = {975540CD-B86D-408B-8DA2-E3544AB89988}
	EndGlobalSection
EndGlobal
